
Microsoft Visual Studio Solution File, Format Version 12.00
# Visual Studio Version 17
VisualStudioVersion = 17.13.35919.96 d17.13
MinimumVisualStudioVersion = 10.0.40219.1
Project("{FAE04EC0-301F-11D3-BF4B-00C04F79EFBC}") = "TarjetasCredito_API_Rest", "TarjetasCredito_API_Rest.csproj", "{076084E9-77C5-44F4-8EDD-89C22BAE500F}"
EndProject
Global
	GlobalSection(SolutionConfigurationPlatforms) = preSolution
		Debug|Any CPU = Debug|Any CPU
		Release|Any CPU = Release|Any CPU
	EndGlobalSection
	GlobalSection(ProjectConfigurationPlatforms) = postSolution
		{076084E9-77C5-44F4-8EDD-89C22BAE500F}.Debug|Any CPU.ActiveCfg = Debug|Any CPU
		{076084E9-77C5-44F4-8EDD-89C22BAE500F}.Debug|Any CPU.Build.0 = Debug|Any CPU
		{076084E9-77C5-44F4-8EDD-89C22BAE500F}.Release|Any CPU.ActiveCfg = Release|Any CPU
		{076084E9-77C5-44F4-8EDD-89C22BAE500F}.Release|Any CPU.Build.0 = Release|Any CPU
	EndGlobalSection
	GlobalSection(SolutionProperties) = preSolution
		HideSolutionNode = FALSE
	EndGlobalSection
	GlobalSection(ExtensibilityGlobals) = postSolution
		SolutionGuid = {F5877787-8708-4C00-B750-4F70B9B54738}
	EndGlobalSection
EndGlobal
